
Microsoft Visual Studio Solution File, Format Version 12.00
# Visual Studio Version 16
VisualStudioVersion = 16.0.31729.503
MinimumVisualStudioVersion = 10.0.40219.1
Project("{FAE04EC0-301F-11D3-BF4B-00C04F79EFBC}") = "composicao", "composicao.csproj", "{94721FC6-0A43-435F-8BE9-048DE69B51AD}"
EndProject
Global
	GlobalSection(SolutionConfigurationPlatforms) = preSolution
		Debug|Any CPU = Debug|Any CPU
		Release|Any CPU = Release|Any CPU
	EndGlobalSection
	GlobalSection(ProjectConfigurationPlatforms) = postSolution
		{94721FC6-0A43-435F-8BE9-048DE69B51AD}.Debug|Any CPU.ActiveCfg = Debug|Any CPU
		{94721FC6-0A43-435F-8BE9-048DE69B51AD}.Debug|Any CPU.Build.0 = Debug|Any CPU
		{94721FC6-0A43-435F-8BE9-048DE69B51AD}.Release|Any CPU.ActiveCfg = Release|Any CPU
		{94721FC6-0A43-435F-8BE9-048DE69B51AD}.Release|Any CPU.Build.0 = Release|Any CPU
	EndGlobalSection
	GlobalSection(SolutionProperties) = preSolution
		HideSolutionNode = FALSE
	EndGlobalSection
	GlobalSection(ExtensibilityGlobals) = postSolution
		SolutionGuid = {7EBD1D33-27BB-4D1C-B685-86379F4E05A9}
	EndGlobalSection
EndGlobal
